{
  "name": "@binchen/e2e",
  "version": "0.1.0",
  "lockfileVersion": 3,
  "requires": true,
  "packages": {
    "": {
      "name": "@binchen/e2e",
      "version": "0.1.0",
      "devDependencies": {
        "@axe-core/playwright": "^4.9.0",
        "@playwright/test": "^1.44.0"
      }
    },
    "../../node_modules/.pnpm/@axe-core+playwright@4.11.3_playwright-core@1.60.0/node_modules/@axe-core/playwright": {
      "version": "4.11.3",
      "dev": true,
      "license": "MPL-2.0",
      "dependencies": {
        "axe-core": "~4.11.4"
      },
      "devDependencies": {
        "@playwright/test": "^1.44.0",
        "@types/chai": "^4.3.3",
        "@types/express": "^5.0.3",
        "@types/mocha": "^10.0.0",
        "async-listen": "^3.0.1",
        "axe-test-fixtures": "github:dequelabs/axe-test-fixtures#v1",
        "chai": "^4.3.6",
        "express": "^5.1.0",
        "mocha": "^11.7.1",
        "nyc": "^17.1.0",
        "rimraf": "^6.0.1",
        "tsup": "^8.0.1"
      },
      "peerDependencies": {
        "playwright-core": ">= 1.0.0"
      }
    },
    "../../node_modules/.pnpm/@playwright+test@1.60.0/node_modules/@playwright/test": {
      "version": "1.60.0",
      "dev": true,
      "license": "Apache-2.0",
      "dependencies": {
        "playwright": "1.60.0"
      },
      "bin": {
        "playwright": "cli.js"
      },
      "engines": {
        "node": ">=18"
      }
    },
    "node_modules/@axe-core/playwright": {
      "resolved": "../../node_modules/.pnpm/@axe-core+playwright@4.11.3_playwright-core@1.60.0/node_modules/@axe-core/playwright",
      "link": true
    },
    "node_modules/@playwright/test": {
      "resolved": "../../node_modules/.pnpm/@playwright+test@1.60.0/node_modules/@playwright/test",
      "link": true
    }
  }
}
